# This file is generated by running "yarn install" inside your project.
# Manual changes might be lost - proceed with caution!

__metadata:
  version: 8
  cacheKey: 10

"@redis/bloom@npm:1.0.2":
  version: 1.0.2
  resolution: "@redis/bloom@npm:1.0.2"
  peerDependencies:
    "@redis/client": ^1.0.0
  checksum: 10/a4cc9bb670c0542357a1e1a3c3eee11de3177f7e7cb74e33830ad2d8ea408494b0d05277eb8b098d104507c65e4d64f4543ef251cc3bd67d9997e84614e46b10
  languageName: node
  linkType: hard

"@redis/client@npm:1.2.0":
  version: 1.2.0
  resolution: "@redis/client@npm:1.2.0"
  dependencies:
    cluster-key-slot: "npm:1.1.0"
    generic-pool: "npm:3.8.2"
    yallist: "npm:4.0.0"
  checksum: 10/8acaa7bdddbe3cdf624436be391c2d90f75514d08737640eb9338ddc04a92ff13c9d695ad4a656ecde1549122783b9591342022f4e28eee8ecd66ae51d4308de
  languageName: node
  linkType: hard

"@redis/graph@npm:1.0.1":
  version: 1.0.1
  resolution: "@redis/graph@npm:1.0.1"
  peerDependencies:
    "@redis/client": ^1.0.0
  checksum: 10/72e485efa416bdff10420f6e13c9cb4e1e5c70752e5172717adf62fc1d4d9ba12e708229fd87876f3a93270ff74c4bcd4d916987438dc36a94f7f12c9785fa44
  languageName: node
  linkType: hard

"@redis/json@npm:1.0.3":
  version: 1.0.3
  resolution: "@redis/json@npm:1.0.3"
  peerDependencies:
    "@redis/client": ^1.0.0
  checksum: 10/77a51d854f84b1b121e92a371cbc788bf700845fb59873f652b2a5533267ca0ef402d6b1cd7d7eec2cc7fc02ef6efe833399c957c4a9e1a3adf2339b4b434585
  languageName: node
  linkType: hard

"@redis/search@npm:1.0.6":
  version: 1.0.6
  resolution: "@redis/search@npm:1.0.6"
  peerDependencies:
    "@redis/client": ^1.0.0
  checksum: 10/3134961f3cf5bdd6c711944418919c23586d3be8feb1667347f0ed238f99777af70686f891a249865614c05c49d112cf31e86671286ec48009c1fdbc6804a01c
  languageName: node
  linkType: hard

"@redis/time-series@npm:1.0.3":
  version: 1.0.3
  resolution: "@redis/time-series@npm:1.0.3"
  peerDependencies:
    "@redis/client": ^1.0.0
  checksum: 10/7b950e65a28491009892b1429a2d71f04c01028fe78175c5b6b0781df4eacc0d5957af415e1faafc1167fe8df78e2979ba52634c21f59a39c13db5d5d107dd25
  languageName: node
  linkType: hard

"@types/bson@npm:*":
  version: 4.2.0
  resolution: "@types/bson@npm:4.2.0"
  dependencies:
    bson: "npm:*"
  checksum: 10/55abf60c57b7f05655c210b386392636a299a7df18b89cec2cde0aa87374d97dd4ac9632226b0f6fe135d16ad4296ae5ddc782f6e9132d38c53dd26a6df8e704
  languageName: node
  linkType: hard

"@types/mongodb@npm:^3.5.25":
  version: 3.6.20
  resolution: "@types/mongodb@npm:3.6.20"
  dependencies:
    "@types/bson": "npm:*"
    "@types/node": "npm:*"
  checksum: 10/b85770dfa009cd919f680bdf7e152f9cab21d0ea6aab3d3a4133a9e78a1a2dfd966ed1503594191051985cb7157df6e830740d8bdc2b45d4b31050849f84f33d
  languageName: node
  linkType: hard

"@types/node@npm:*, @types/node@npm:^18.0.4":
  version: 18.0.5
  resolution: "@types/node@npm:18.0.5"
  checksum: 10/ac8f06906bf1babb26ade4df92dd1a7db787d37f891d8ebc068989d9fe9db3ef55333426189705d0e2bbffdac6d0f05142ef5fef91c8bb47d9d2d8da10f7e9b2
  languageName: node
  linkType: hard

"ansi-regex@npm:^5.0.1":
  version: 5.0.1
  resolution: "ansi-regex@npm:5.0.1"
  checksum: 10/2aa4bb54caf2d622f1afdad09441695af2a83aa3fe8b8afa581d205e57ed4261c183c4d3877cee25794443fde5876417d859c108078ab788d6af7e4fe52eb66b
  languageName: node
  linkType: hard

"automod@workspace:.":
  version: 0.0.0-use.local
  resolution: "automod@workspace:."
  dependencies:
    "@types/node": "npm:^18.0.4"
    monk: "npm:^7.3.4"
    redis: "npm:^4.2.0"
    tsc-watch: "npm:^5.0.3"
    typescript: "npm:^4.7.4"
  languageName: unknown
  linkType: soft

"base64-js@npm:^1.3.1":
  version: 1.5.1
  resolution: "base64-js@npm:1.5.1"
  checksum: 10/669632eb3745404c2f822a18fc3a0122d2f9a7a13f7fb8b5823ee19d1d2ff9ee5b52c53367176ea4ad093c332fd5ab4bd0ebae5a8e27917a4105a4cfc86b1005
  languageName: node
  linkType: hard

"bl@npm:^2.2.1":
  version: 2.2.1
  resolution: "bl@npm:2.2.1"
  dependencies:
    readable-stream: "npm:^2.3.5"
    safe-buffer: "npm:^5.1.1"
  checksum: 10/6320002f204720a53ce73147f8b46372adb91666371cc8167756120fce1658ffcbb228a5ca6ac61a8c6db6599d11deda133d90f8965497c79e709c34993b6adf
  languageName: node
  linkType: hard

"bson@npm:*":
  version: 4.6.5
  resolution: "bson@npm:4.6.5"
  dependencies:
    buffer: "npm:^5.6.0"
  checksum: 10/c33e9ea088005305d7f65d923b09db7088e40e568033b728a2d3a0f49f8599d6989a5a9f7c92a15f0c0cfca3acec71332bfe2be4b24600a555917069977a9dbb
  languageName: node
  linkType: hard

"bson@npm:^1.1.4":
  version: 1.1.6
  resolution: "bson@npm:1.1.6"
  checksum: 10/db94d70b2de9ff62e84f7682180cc361ccd4146d51226115d150c390501a062e942921db9f0d77ad43da0ff512859542a73e9d118f1831080e0fdaa90840863c
  languageName: node
  linkType: hard

"buffer@npm:^5.6.0":
  version: 5.7.1
  resolution: "buffer@npm:5.7.1"
  dependencies:
    base64-js: "npm:^1.3.1"
    ieee754: "npm:^1.1.13"
  checksum: 10/997434d3c6e3b39e0be479a80288875f71cd1c07d75a3855e6f08ef848a3c966023f79534e22e415ff3a5112708ce06127277ab20e527146d55c84566405c7c6
  languageName: node
  linkType: hard

"cluster-key-slot@npm:1.1.0":
  version: 1.1.0
  resolution: "cluster-key-slot@npm:1.1.0"
  checksum: 10/f95ab103cdd6d6a3a3c1c0fae29e63cf7ba754f7915d7f02d156c51056c3ab475381e12b94a80e131add1633be07300180a3cabb23e03e1ea53751884ad8c67c
  languageName: node
  linkType: hard

"core-util-is@npm:~1.0.0":
  version: 1.0.3
  resolution: "core-util-is@npm:1.0.3"
  checksum: 10/9de8597363a8e9b9952491ebe18167e3b36e7707569eed0ebf14f8bba773611376466ae34575bca8cfe3c767890c859c74056084738f09d4e4a6f902b2ad7d99
  languageName: node
  linkType: hard

"cross-spawn@npm:^7.0.3":
  version: 7.0.3
  resolution: "cross-spawn@npm:7.0.3"
  dependencies:
    path-key: "npm:^3.1.0"
    shebang-command: "npm:^2.0.0"
    which: "npm:^2.0.1"
  checksum: 10/e1a13869d2f57d974de0d9ef7acbf69dc6937db20b918525a01dacb5032129bd552d290d886d981e99f1b624cb03657084cc87bd40f115c07ecf376821c729ce
  languageName: node
  linkType: hard

"debug@npm:*":
  version: 4.3.4
  resolution: "debug@npm:4.3.4"
  dependencies:
    ms: "npm:2.1.2"
  peerDependenciesMeta:
    supports-color:
      optional: true
  checksum: 10/0073c3bcbd9cb7d71dd5f6b55be8701af42df3e56e911186dfa46fac3a5b9eb7ce7f377dd1d3be6db8977221f8eb333d945216f645cf56f6b688cd484837d255
  languageName: node
  linkType: hard

"denque@npm:^1.4.1":
  version: 1.5.1
  resolution: "denque@npm:1.5.1"
  checksum: 10/dbde01a987d95205f7563c67411e0964073a6b38e4cf2ff190cf91f71e2ce3f51c40bacd31f2a5497e0ff82366bcfd8231d3659cb03f987279130058d512aa29
  languageName: node
  linkType: hard

"duplexer@npm:~0.1.1":
  version: 0.1.2
  resolution: "duplexer@npm:0.1.2"
  checksum: 10/62ba61a830c56801db28ff6305c7d289b6dc9f859054e8c982abd8ee0b0a14d2e9a8e7d086ffee12e868d43e2bbe8a964be55ddbd8c8957714c87373c7a4f9b0
  languageName: node
  linkType: hard

"event-stream@npm:=3.3.4":
  version: 3.3.4
  resolution: "event-stream@npm:3.3.4"
  dependencies:
    duplexer: "npm:~0.1.1"
    from: "npm:~0"
    map-stream: "npm:~0.1.0"
    pause-stream: "npm:0.0.11"
    split: "npm:0.3"
    stream-combiner: "npm:~0.0.4"
    through: "npm:~2.3.1"
  checksum: 10/48ea0e17df89ff45778c25e7111a6691401c902162823ddd7656d83fc972e75380f789f7a48f272f50fe7015420cc04f835d458560bf95e34b2c7a479570c8fb
  languageName: node
  linkType: hard

"from@npm:~0":
  version: 0.1.7
  resolution: "from@npm:0.1.7"
  checksum: 10/b85125b7890489656eb2e4f208f7654a93ec26e3aefaf3bbbcc0d496fc1941e4405834fcc9fe7333192aa2187905510ace70417bbf9ac6f6f4784a731d986939
  languageName: node
  linkType: hard

"generic-pool@npm:3.8.2":
  version: 3.8.2
  resolution: "generic-pool@npm:3.8.2"
  checksum: 10/ceb04837eb57b61d2bf03030b66ea2829a181de0d2982d0c81b8f147c4e54cd217f154afb911a500da740f339d9d6eabb4bc29723da6f116155982048d015eb3
  languageName: node
  linkType: hard

"ieee754@npm:^1.1.13":
  version: 1.2.1
  resolution: "ieee754@npm:1.2.1"
  checksum: 10/d9f2557a59036f16c282aaeb107832dc957a93d73397d89bbad4eb1130560560eb695060145e8e6b3b498b15ab95510226649a0b8f52ae06583575419fe10fc4
  languageName: node
  linkType: hard

"inherits@npm:~2.0.3":
  version: 2.0.4
  resolution: "inherits@npm:2.0.4"
  checksum: 10/cd45e923bee15186c07fa4c89db0aace24824c482fb887b528304694b2aa6ff8a898da8657046a5dcf3e46cd6db6c61629551f9215f208d7c3f157cf9b290521
  languageName: node
  linkType: hard

"isarray@npm:~1.0.0":
  version: 1.0.0
  resolution: "isarray@npm:1.0.0"
  checksum: 10/f032df8e02dce8ec565cf2eb605ea939bdccea528dbcf565cdf92bfa2da9110461159d86a537388ef1acef8815a330642d7885b29010e8f7eac967c9993b65ab
  languageName: node
  linkType: hard

"isexe@npm:^2.0.0":
  version: 2.0.0
  resolution: "isexe@npm:2.0.0"
  checksum: 10/7c9f715c03aff08f35e98b1fadae1b9267b38f0615d501824f9743f3aab99ef10e303ce7db3f186763a0b70a19de5791ebfc854ff884d5a8c4d92211f642ec92
  languageName: node
  linkType: hard

"map-stream@npm:~0.1.0":
  version: 0.1.0
  resolution: "map-stream@npm:0.1.0"
  checksum: 10/f04a07041dccdf8140a4a6613e4731e917153ee031d3c837cb32ea7d609e8fbea538c44053718772f59dd1dca0ce68a5689ad006688612ee720d78bacf5bf24d
  languageName: node
  linkType: hard

"memory-pager@npm:^1.0.2":
  version: 1.5.0
  resolution: "memory-pager@npm:1.5.0"
  checksum: 10/ffe3461b6aa4e400138d1d9c59890b1cbeae3256592a0dfae49577f4bec93952de65f31f682f0b15451d2a7cf018be775ed1e1411705e45514b14fb70883a66b
  languageName: node
  linkType: hard

"mongodb@npm:^3.2.3":
  version: 3.7.3
  resolution: "mongodb@npm:3.7.3"
  dependencies:
    bl: "npm:^2.2.1"
    bson: "npm:^1.1.4"
    denque: "npm:^1.4.1"
    optional-require: "npm:^1.1.8"
    safe-buffer: "npm:^5.1.2"
    saslprep: "npm:^1.0.0"
  dependenciesMeta:
    saslprep:
      optional: true
  peerDependenciesMeta:
    aws4:
      optional: true
    bson-ext:
      optional: true
    kerberos:
      optional: true
    mongodb-client-encryption:
      optional: true
    mongodb-extjson:
      optional: true
    snappy:
      optional: true
  checksum: 10/0e385efb4b6c6935e22b5abef18bf9fcf69e7b606dfaab89510e13949e4f5698eb5e2843dc81308f8b788745c9523f07731d0a583c01e625f02ad389a2ec3788
  languageName: node
  linkType: hard

"monk-middleware-cast-ids@npm:^0.2.1":
  version: 0.2.1
  resolution: "monk-middleware-cast-ids@npm:0.2.1"
  checksum: 10/fb5d60eb65d9465cfc9debea1e4fa99d3373b0c20a8e20847414c3fb7e7163888e9253d1d8f8b9bd8ad182739f04a21a945193122d09df65b44fa0e2829e4226
  languageName: node
  linkType: hard

"monk-middleware-fields@npm:^0.2.0":
  version: 0.2.0
  resolution: "monk-middleware-fields@npm:0.2.0"
  checksum: 10/acc670026526296dc59b811d8a3ae54a04b153ba78e419828340eb3b3607bb1e84d0fe6128a851e3d663699c0df7ca1f9fd2e81686a2fa8ecd239db60091b452
  languageName: node
  linkType: hard

"monk-middleware-handle-callback@npm:^0.2.0":
  version: 0.2.2
  resolution: "monk-middleware-handle-callback@npm:0.2.2"
  checksum: 10/3c921ead69171e84af9f16c97894cf8ad6828b3cd0ee9990167cc6bfdda947dcbd9241123bfec74addc7755baaf689248a4c9b738289dcfa5eff69e6baa9b252
  languageName: node
  linkType: hard

"monk-middleware-options@npm:^0.2.1":
  version: 0.2.1
  resolution: "monk-middleware-options@npm:0.2.1"
  checksum: 10/6ecb2b55913cc514ddf79d40e356915d4a1beadf82151b32ce46ba5652f2a97d7d77f28901951002be6ee7bcb14e80d577ae3a66fd7da7a2ef3b20252bf2b504
  languageName: node
  linkType: hard

"monk-middleware-query@npm:^0.2.0":
  version: 0.2.0
  resolution: "monk-middleware-query@npm:0.2.0"
  checksum: 10/7950b535ca397938b73c651b6b755ec18204886760a665fc386ea78dd24ca2d04ca64cb9567759d84b844bd0b5108c7306eafb860955959309cbc9d2bf66f073
  languageName: node
  linkType: hard

"monk-middleware-wait-for-connection@npm:^0.2.0":
  version: 0.2.0
  resolution: "monk-middleware-wait-for-connection@npm:0.2.0"
  checksum: 10/1c3f23ddb3568fc01cabb777df550f7ef6eaf6f4701e4a2f6354c01c86f391225af96d9a8f3f1a7f542487e8a3f6ec18b44ec8d55102b3e1ee166d9c6751752a
  languageName: node
  linkType: hard

"monk@npm:^7.3.4":
  version: 7.3.4
  resolution: "monk@npm:7.3.4"
  dependencies:
    "@types/mongodb": "npm:^3.5.25"
    debug: "npm:*"
    mongodb: "npm:^3.2.3"
    monk-middleware-cast-ids: "npm:^0.2.1"
    monk-middleware-fields: "npm:^0.2.0"
    monk-middleware-handle-callback: "npm:^0.2.0"
    monk-middleware-options: "npm:^0.2.1"
    monk-middleware-query: "npm:^0.2.0"
    monk-middleware-wait-for-connection: "npm:^0.2.0"
    object-assign: "npm:^4.1.1"
  checksum: 10/a7ef73a029ab0a15ad0c215070db786db2bbc49759517ea01e563d004fbb90372bc7b31f5d0a74445e3bd1ea98c8e279f95b3311efe5af8158d728c5b0ff0249
  languageName: node
  linkType: hard

"ms@npm:2.1.2":
  version: 2.1.2
  resolution: "ms@npm:2.1.2"
  checksum: 10/673cdb2c3133eb050c745908d8ce632ed2c02d85640e2edb3ace856a2266a813b30c613569bf3354fdf4ea7d1a1494add3bfa95e2713baa27d0c2c71fc44f58f
  languageName: node
  linkType: hard

"node-cleanup@npm:^2.1.2":
  version: 2.1.2
  resolution: "node-cleanup@npm:2.1.2"
  checksum: 10/eeb831d27d734179ca6aa7504a65fa0debd7c77a883c5dbea2849fb7ed8fa0a3fe3a346926c5b1aaaf5537fd801d03da0efcf20b28385d7150276a9e8a2127a5
  languageName: node
  linkType: hard

"object-assign@npm:^4.1.1":
  version: 4.1.1
  resolution: "object-assign@npm:4.1.1"
  checksum: 10/fcc6e4ea8c7fe48abfbb552578b1c53e0d194086e2e6bbbf59e0a536381a292f39943c6e9628af05b5528aa5e3318bb30d6b2e53cadaf5b8fe9e12c4b69af23f
  languageName: node
  linkType: hard

"optional-require@npm:^1.1.8":
  version: 1.1.8
  resolution: "optional-require@npm:1.1.8"
  dependencies:
    require-at: "npm:^1.0.6"
  checksum: 10/656ecba9c2aa0ca0ec25bf7cba987e0cdda91c49caae361e6c5839fe02dc8bc467d3d77694b1fe47923a3815cd10a6e292b838a1251cb4abba951fc371fb162a
  languageName: node
  linkType: hard

"path-key@npm:^3.1.0":
  version: 3.1.1
  resolution: "path-key@npm:3.1.1"
  checksum: 10/55cd7a9dd4b343412a8386a743f9c746ef196e57c823d90ca3ab917f90ab9f13dd0ded27252ba49dbdfcab2b091d998bc446f6220cd3cea65db407502a740020
  languageName: node
  linkType: hard

"pause-stream@npm:0.0.11":
  version: 0.0.11
  resolution: "pause-stream@npm:0.0.11"
  dependencies:
    through: "npm:~2.3"
  checksum: 10/1407efadfe814b5c487e4b28d6139cb7e03ee5d25fbb5f89a68f2053e81f05ce6b2bec196eeb3d46ef2c856f785016d14816b0d0e3c3abd1b64311c5c20660dc
  languageName: node
  linkType: hard

"process-nextick-args@npm:~2.0.0":
  version: 2.0.1
  resolution: "process-nextick-args@npm:2.0.1"
  checksum: 10/1d38588e520dab7cea67cbbe2efdd86a10cc7a074c09657635e34f035277b59fbb57d09d8638346bf7090f8e8ebc070c96fa5fd183b777fff4f5edff5e9466cf
  languageName: node
  linkType: hard

"ps-tree@npm:^1.2.0":
  version: 1.2.0
  resolution: "ps-tree@npm:1.2.0"
  dependencies:
    event-stream: "npm:=3.3.4"
  bin:
    ps-tree: ./bin/ps-tree.js
  checksum: 10/0587defdc20c0768fad884623c0204c77e5228878a5cb043676b00529220ec12d9cb6a328a0580767a9909a317bff466fe4530a4676e3d145a9deb3b7fbbeef3
  languageName: node
  linkType: hard

"readable-stream@npm:^2.3.5":
  version: 2.3.7
  resolution: "readable-stream@npm:2.3.7"
  dependencies:
    core-util-is: "npm:~1.0.0"
    inherits: "npm:~2.0.3"
    isarray: "npm:~1.0.0"
    process-nextick-args: "npm:~2.0.0"
    safe-buffer: "npm:~5.1.1"
    string_decoder: "npm:~1.1.1"
    util-deprecate: "npm:~1.0.1"
  checksum: 10/d04c677c1705e3fc6283d45859a23f4c05243d0c0f1fc08cb8f995b4d69f0eb7f38ec0ec102f0ee20535c5d999ee27449f40aa2edf6bf30c24d0cc8f8efeb6d7
  languageName: node
  linkType: hard

"redis@npm:^4.2.0":
  version: 4.2.0
  resolution: "redis@npm:4.2.0"
  dependencies:
    "@redis/bloom": "npm:1.0.2"
    "@redis/client": "npm:1.2.0"
    "@redis/graph": "npm:1.0.1"
    "@redis/json": "npm:1.0.3"
    "@redis/search": "npm:1.0.6"
    "@redis/time-series": "npm:1.0.3"
  checksum: 10/3da2f50e3bd068da1f3a0a6be1a45b864371705a5549ba6971593697d4b13da3d521e617f76b73cb29933466fa0586e3d58da3ffb3380fc96ed50c172b80204d
  languageName: node
  linkType: hard

"require-at@npm:^1.0.6":
  version: 1.0.6
  resolution: "require-at@npm:1.0.6"
  checksum: 10/7753a6ebad99855ef015d5533a787c65e883c94c23371368eebf6f1c7e2a078811013b204823152cbab206a00e825e8e5ca09416fd835a489fa30bf064fbe6d9
  languageName: node
  linkType: hard

"safe-buffer@npm:^5.1.1, safe-buffer@npm:^5.1.2":
  version: 5.2.1
  resolution: "safe-buffer@npm:5.2.1"
  checksum: 10/32872cd0ff68a3ddade7a7617b8f4c2ae8764d8b7d884c651b74457967a9e0e886267d3ecc781220629c44a865167b61c375d2da6c720c840ecd73f45d5d9451
  languageName: node
  linkType: hard

"safe-buffer@npm:~5.1.0, safe-buffer@npm:~5.1.1":
  version: 5.1.2
  resolution: "safe-buffer@npm:5.1.2"
  checksum: 10/7eb5b48f2ed9a594a4795677d5a150faa7eb54483b2318b568dc0c4fc94092a6cce5be02c7288a0500a156282f5276d5688bce7259299568d1053b2150ef374a
  languageName: node
  linkType: hard

"saslprep@npm:^1.0.0":
  version: 1.0.3
  resolution: "saslprep@npm:1.0.3"
  dependencies:
    sparse-bitfield: "npm:^3.0.3"
  checksum: 10/d6cae5f0adc960f355b7a78c25616c2aea31e7eeb6322eb2d553f09f1db249594651c1e5d54910e9a47b1dc6131beda82db13ffafbceea92f2a673d69c839982
  languageName: node
  linkType: hard

"shebang-command@npm:^2.0.0":
  version: 2.0.0
  resolution: "shebang-command@npm:2.0.0"
  dependencies:
    shebang-regex: "npm:^3.0.0"
  checksum: 10/6b52fe87271c12968f6a054e60f6bde5f0f3d2db483a1e5c3e12d657c488a15474121a1d55cd958f6df026a54374ec38a4a963988c213b7570e1d51575cea7fa
  languageName: node
  linkType: hard

"shebang-regex@npm:^3.0.0":
  version: 3.0.0
  resolution: "shebang-regex@npm:3.0.0"
  checksum: 10/1a2bcae50de99034fcd92ad4212d8e01eedf52c7ec7830eedcf886622804fe36884278f2be8be0ea5fde3fd1c23911643a4e0f726c8685b61871c8908af01222
  languageName: node
  linkType: hard

"sparse-bitfield@npm:^3.0.3":
  version: 3.0.3
  resolution: "sparse-bitfield@npm:3.0.3"
  dependencies:
    memory-pager: "npm:^1.0.2"
  checksum: 10/174da88dbbcc783d5dbd26921931cc83830280b8055fb05333786ebe6fc015b9601b24972b3d55920dd2d9f5fb120576fbfa2469b08e5222c9cadf3f05210aab
  languageName: node
  linkType: hard

"split@npm:0.3":
  version: 0.3.3
  resolution: "split@npm:0.3.3"
  dependencies:
    through: "npm:2"
  checksum: 10/41b397e9fedc984ee1b061780bf173ef72a4f99265ca9cbccd9765b8cc0729eeee6cdeaf70664eb3eb0823e8430db033e50a33050498d75569fc743c6964c84e
  languageName: node
  linkType: hard

"stream-combiner@npm:~0.0.4":
  version: 0.0.4
  resolution: "stream-combiner@npm:0.0.4"
  dependencies:
    duplexer: "npm:~0.1.1"
  checksum: 10/844b622cfe8b9de45a6007404f613b60aaf85200ab9862299066204242f89a7c8033b1c356c998aa6cfc630f6cd9eba119ec1c6dc1f93e245982be4a847aee7d
  languageName: node
  linkType: hard

"string-argv@npm:^0.1.1":
  version: 0.1.2
  resolution: "string-argv@npm:0.1.2"
  checksum: 10/0ca01777fd2c7040becf1e1282210bf924051f602e9352a468e55034868eb3b9f1975f0bc1fc331d42bdf59007aaa6e60693af2246ccabd07cded581f4bbe6ef
  languageName: node
  linkType: hard

"string_decoder@npm:~1.1.1":
  version: 1.1.1
  resolution: "string_decoder@npm:1.1.1"
  dependencies:
    safe-buffer: "npm:~5.1.0"
  checksum: 10/7c41c17ed4dea105231f6df208002ebddd732e8e9e2d619d133cecd8e0087ddfd9587d2feb3c8caf3213cbd841ada6d057f5142cae68a4e62d3540778d9819b4
  languageName: node
  linkType: hard

"strip-ansi@npm:^6.0.0":
  version: 6.0.1
  resolution: "strip-ansi@npm:6.0.1"
  dependencies:
    ansi-regex: "npm:^5.0.1"
  checksum: 10/ae3b5436d34fadeb6096367626ce987057713c566e1e7768818797e00ac5d62023d0f198c4e681eae9e20701721980b26a64a8f5b91238869592a9c6800719a2
  languageName: node
  linkType: hard

"through@npm:2, through@npm:~2.3, through@npm:~2.3.1":
  version: 2.3.8
  resolution: "through@npm:2.3.8"
  checksum: 10/5da78346f70139a7d213b65a0106f3c398d6bc5301f9248b5275f420abc2c4b1e77c2abc72d218dedc28c41efb2e7c312cb76a7730d04f9c2d37d247da3f4198
  languageName: node
  linkType: hard

"tsc-watch@npm:^5.0.3":
  version: 5.0.3
  resolution: "tsc-watch@npm:5.0.3"
  dependencies:
    cross-spawn: "npm:^7.0.3"
    node-cleanup: "npm:^2.1.2"
    ps-tree: "npm:^1.2.0"
    string-argv: "npm:^0.1.1"
    strip-ansi: "npm:^6.0.0"
  peerDependencies:
    typescript: "*"
  bin:
    tsc-watch: index.js
  checksum: 10/3ccce112c55f3f11e189a3d66d22113bb033eb405c7710a5fc130fd311b3a30c66a2ad5227201d319521644eb3571b78624cbfef287f032d3e58d9868c1703f0
  languageName: node
  linkType: hard

"typescript@npm:^4.7.4":
  version: 4.7.4
  resolution: "typescript@npm:4.7.4"
  bin:
    tsc: bin/tsc
    tsserver: bin/tsserver
  checksum: 10/f056b2313a7df95268ac63dc4ddcb7aed1b7d5a6bbc933d11c3fcd0a77712e16b24bdf4403acc529ade5c27a2a477e25124e899587e8ca3f19685c7ab954c6f3
  languageName: node
  linkType: hard

"typescript@patch:typescript@npm%3A^4.7.4#optional!builtin<compat/typescript>":
  version: 4.7.4
  resolution: "typescript@patch:typescript@npm%3A4.7.4#optional!builtin<compat/typescript>::version=4.7.4&hash=65a307"
  bin:
    tsc: bin/tsc
    tsserver: bin/tsserver
  checksum: 10/cd6f51368ba0f8c458a44ca8b05684e9cda49acbb4e7dcf40c4720cd1534f68c2d139ec6f179bb9996e6fe9d0c7a04846db55a048f51fd2f3c41fbce0a004971
  languageName: node
  linkType: hard

"util-deprecate@npm:~1.0.1":
  version: 1.0.2
  resolution: "util-deprecate@npm:1.0.2"
  checksum: 10/474acf1146cb2701fe3b074892217553dfcf9a031280919ba1b8d651a068c9b15d863b7303cb15bd00a862b498e6cf4ad7b4a08fb134edd5a6f7641681cb54a2
  languageName: node
  linkType: hard

"which@npm:^2.0.1":
  version: 2.0.2
  resolution: "which@npm:2.0.2"
  dependencies:
    isexe: "npm:^2.0.0"
  bin:
    node-which: ./bin/node-which
  checksum: 10/4782f8a1d6b8fc12c65e968fea49f59752bf6302dc43036c3bf87da718a80710f61a062516e9764c70008b487929a73546125570acea95c5b5dcc8ac3052c70f
  languageName: node
  linkType: hard

"yallist@npm:4.0.0":
  version: 4.0.0
  resolution: "yallist@npm:4.0.0"
  checksum: 10/4cb02b42b8a93b5cf50caf5d8e9beb409400a8a4d85e83bb0685c1457e9ac0b7a00819e9f5991ac25ffabb56a78e2f017c1acc010b3a1babfe6de690ba531abd
  languageName: node
  linkType: hard
