# This file is generated by running "yarn install" inside your project.
# Manual changes might be lost - proceed with caution!

__metadata:
  version: 8
  cacheKey: 10

"@redis/bloom@npm:1.2.0":
  version: 1.2.0
  resolution: "@redis/bloom@npm:1.2.0"
  peerDependencies:
    "@redis/client": ^1.0.0
  checksum: 10/a16408f729ddd032a52c9d998661dfa7beabc0e92760d30619c3166c7a53a98c037956d93d230b787005fd8a599a7456461ca7429c1916893c2d13d59a41e0e6
  languageName: node
  linkType: hard

"@redis/client@npm:1.5.17":
  version: 1.5.17
  resolution: "@redis/client@npm:1.5.17"
  dependencies:
    cluster-key-slot: "npm:1.1.2"
    generic-pool: "npm:3.9.0"
    yallist: "npm:4.0.0"
  checksum: 10/f7c3b978829b7151363545c81844cf75ecdb7bddf667f60d3bc4598e4fb3e957ebae6f2ed6b4bfb54038be6342bbe1789fd40e8193f6d49ac8861af279fecec8
  languageName: node
  linkType: hard

"@redis/graph@npm:1.1.1":
  version: 1.1.1
  resolution: "@redis/graph@npm:1.1.1"
  peerDependencies:
    "@redis/client": ^1.0.0
  checksum: 10/96b8ee9bec124947465848b56a014805f9639e09704e03c75a92072a319599ac9dcd4f9ace22970a7f72131a241166ad31db4dc6931b34808d22a5ca94649ba5
  languageName: node
  linkType: hard

"@redis/json@npm:1.0.6":
  version: 1.0.6
  resolution: "@redis/json@npm:1.0.6"
  peerDependencies:
    "@redis/client": ^1.0.0
  checksum: 10/bedd8b6fd152ed480f993c6372288f210a9c0e60bb39c02861d5ce2cb5452119229435572cd94886cdbde5fbae014471fc179dff1dbc86f045782e0358af1b0f
  languageName: node
  linkType: hard

"@redis/search@npm:1.1.6":
  version: 1.1.6
  resolution: "@redis/search@npm:1.1.6"
  peerDependencies:
    "@redis/client": ^1.0.0
  checksum: 10/7a2543012fc2c88ff4c6a6c9c1b537b472d5af340c2717f968562ef2ead713b02dd22cfadc5d5e16c0d32279a4c04bee974e0f20de416a3561a1221b3dccc790
  languageName: node
  linkType: hard

"@redis/time-series@npm:1.0.5":
  version: 1.0.5
  resolution: "@redis/time-series@npm:1.0.5"
  peerDependencies:
    "@redis/client": ^1.0.0
  checksum: 10/be735fe7497b157ef8291fed157342a9a5017884488fa519b271745cfb9500a498d6f8e4bee6d34b58892d65f8ef7a3f4c458d083fb19892b4d3633d0d6c7db6
  languageName: node
  linkType: hard

"@types/bson@npm:*":
  version: 4.2.0
  resolution: "@types/bson@npm:4.2.0"
  dependencies:
    bson: "npm:*"
  checksum: 10/55abf60c57b7f05655c210b386392636a299a7df18b89cec2cde0aa87374d97dd4ac9632226b0f6fe135d16ad4296ae5ddc782f6e9132d38c53dd26a6df8e704
  languageName: node
  linkType: hard

"@types/mongodb@npm:^3.5.25":
  version: 3.6.20
  resolution: "@types/mongodb@npm:3.6.20"
  dependencies:
    "@types/bson": "npm:*"
    "@types/node": "npm:*"
  checksum: 10/b85770dfa009cd919f680bdf7e152f9cab21d0ea6aab3d3a4133a9e78a1a2dfd966ed1503594191051985cb7157df6e830740d8bdc2b45d4b31050849f84f33d
  languageName: node
  linkType: hard

"@types/node@npm:*":
  version: 18.0.5
  resolution: "@types/node@npm:18.0.5"
  checksum: 10/ac8f06906bf1babb26ade4df92dd1a7db787d37f891d8ebc068989d9fe9db3ef55333426189705d0e2bbffdac6d0f05142ef5fef91c8bb47d9d2d8da10f7e9b2
  languageName: node
  linkType: hard

"@types/node@npm:^20.14.10":
  version: 20.14.10
  resolution: "@types/node@npm:20.14.10"
  dependencies:
    undici-types: "npm:~5.26.4"
  checksum: 10/672892cf94d0d95cf052f11271990686a0fd204cd1e5fe7a4ef240e5315e06711765dc47b9ec98627d3adac18b8c92bb7e2d8db21d18faa20bc3e3203a143e79
  languageName: node
  linkType: hard

"automod@workspace:.":
  version: 0.0.0-use.local
  resolution: "automod@workspace:."
  dependencies:
    "@types/node": "npm:^20.14.10"
    monk: "npm:^7.3.4"
    redis: "npm:^4.6.15"
    tsc-watch: "npm:^6.2.0"
    typescript: "npm:^5.5.3"
  languageName: unknown
  linkType: soft

"base64-js@npm:^1.3.1":
  version: 1.5.1
  resolution: "base64-js@npm:1.5.1"
  checksum: 10/669632eb3745404c2f822a18fc3a0122d2f9a7a13f7fb8b5823ee19d1d2ff9ee5b52c53367176ea4ad093c332fd5ab4bd0ebae5a8e27917a4105a4cfc86b1005
  languageName: node
  linkType: hard

"bl@npm:^2.2.1":
  version: 2.2.1
  resolution: "bl@npm:2.2.1"
  dependencies:
    readable-stream: "npm:^2.3.5"
    safe-buffer: "npm:^5.1.1"
  checksum: 10/6320002f204720a53ce73147f8b46372adb91666371cc8167756120fce1658ffcbb228a5ca6ac61a8c6db6599d11deda133d90f8965497c79e709c34993b6adf
  languageName: node
  linkType: hard

"bson@npm:*":
  version: 4.6.5
  resolution: "bson@npm:4.6.5"
  dependencies:
    buffer: "npm:^5.6.0"
  checksum: 10/c33e9ea088005305d7f65d923b09db7088e40e568033b728a2d3a0f49f8599d6989a5a9f7c92a15f0c0cfca3acec71332bfe2be4b24600a555917069977a9dbb
  languageName: node
  linkType: hard

"bson@npm:^1.1.4":
  version: 1.1.6
  resolution: "bson@npm:1.1.6"
  checksum: 10/db94d70b2de9ff62e84f7682180cc361ccd4146d51226115d150c390501a062e942921db9f0d77ad43da0ff512859542a73e9d118f1831080e0fdaa90840863c
  languageName: node
  linkType: hard

"buffer@npm:^5.6.0":
  version: 5.7.1
  resolution: "buffer@npm:5.7.1"
  dependencies:
    base64-js: "npm:^1.3.1"
    ieee754: "npm:^1.1.13"
  checksum: 10/997434d3c6e3b39e0be479a80288875f71cd1c07d75a3855e6f08ef848a3c966023f79534e22e415ff3a5112708ce06127277ab20e527146d55c84566405c7c6
  languageName: node
  linkType: hard

"cluster-key-slot@npm:1.1.2":
  version: 1.1.2
  resolution: "cluster-key-slot@npm:1.1.2"
  checksum: 10/516ed8b5e1a14d9c3a9c96c72ef6de2d70dfcdbaa0ec3a90bc7b9216c5457e39c09a5775750c272369070308542e671146120153062ab5f2f481bed5de2c925f
  languageName: node
  linkType: hard

"core-util-is@npm:~1.0.0":
  version: 1.0.3
  resolution: "core-util-is@npm:1.0.3"
  checksum: 10/9de8597363a8e9b9952491ebe18167e3b36e7707569eed0ebf14f8bba773611376466ae34575bca8cfe3c767890c859c74056084738f09d4e4a6f902b2ad7d99
  languageName: node
  linkType: hard

"cross-spawn@npm:^7.0.3":
  version: 7.0.3
  resolution: "cross-spawn@npm:7.0.3"
  dependencies:
    path-key: "npm:^3.1.0"
    shebang-command: "npm:^2.0.0"
    which: "npm:^2.0.1"
  checksum: 10/e1a13869d2f57d974de0d9ef7acbf69dc6937db20b918525a01dacb5032129bd552d290d886d981e99f1b624cb03657084cc87bd40f115c07ecf376821c729ce
  languageName: node
  linkType: hard

"debug@npm:*":
  version: 4.3.4
  resolution: "debug@npm:4.3.4"
  dependencies:
    ms: "npm:2.1.2"
  peerDependenciesMeta:
    supports-color:
      optional: true
  checksum: 10/0073c3bcbd9cb7d71dd5f6b55be8701af42df3e56e911186dfa46fac3a5b9eb7ce7f377dd1d3be6db8977221f8eb333d945216f645cf56f6b688cd484837d255
  languageName: node
  linkType: hard

"denque@npm:^1.4.1":
  version: 1.5.1
  resolution: "denque@npm:1.5.1"
  checksum: 10/dbde01a987d95205f7563c67411e0964073a6b38e4cf2ff190cf91f71e2ce3f51c40bacd31f2a5497e0ff82366bcfd8231d3659cb03f987279130058d512aa29
  languageName: node
  linkType: hard

"duplexer@npm:~0.1.1":
  version: 0.1.2
  resolution: "duplexer@npm:0.1.2"
  checksum: 10/62ba61a830c56801db28ff6305c7d289b6dc9f859054e8c982abd8ee0b0a14d2e9a8e7d086ffee12e868d43e2bbe8a964be55ddbd8c8957714c87373c7a4f9b0
  languageName: node
  linkType: hard

"event-stream@npm:=3.3.4":
  version: 3.3.4
  resolution: "event-stream@npm:3.3.4"
  dependencies:
    duplexer: "npm:~0.1.1"
    from: "npm:~0"
    map-stream: "npm:~0.1.0"
    pause-stream: "npm:0.0.11"
    split: "npm:0.3"
    stream-combiner: "npm:~0.0.4"
    through: "npm:~2.3.1"
  checksum: 10/48ea0e17df89ff45778c25e7111a6691401c902162823ddd7656d83fc972e75380f789f7a48f272f50fe7015420cc04f835d458560bf95e34b2c7a479570c8fb
  languageName: node
  linkType: hard

"from@npm:~0":
  version: 0.1.7
  resolution: "from@npm:0.1.7"
  checksum: 10/b85125b7890489656eb2e4f208f7654a93ec26e3aefaf3bbbcc0d496fc1941e4405834fcc9fe7333192aa2187905510ace70417bbf9ac6f6f4784a731d986939
  languageName: node
  linkType: hard

"generic-pool@npm:3.9.0":
  version: 3.9.0
  resolution: "generic-pool@npm:3.9.0"
  checksum: 10/3c632d30a6a7d47412dc67ddc517992691e0fde819c0cb6b5871bc87d10f61a7c09f12a60dbd77c78ae3e6ca10db41e2eaee28985ce724d9620354a006205ce1
  languageName: node
  linkType: hard

"ieee754@npm:^1.1.13":
  version: 1.2.1
  resolution: "ieee754@npm:1.2.1"
  checksum: 10/d9f2557a59036f16c282aaeb107832dc957a93d73397d89bbad4eb1130560560eb695060145e8e6b3b498b15ab95510226649a0b8f52ae06583575419fe10fc4
  languageName: node
  linkType: hard

"inherits@npm:~2.0.3":
  version: 2.0.4
  resolution: "inherits@npm:2.0.4"
  checksum: 10/cd45e923bee15186c07fa4c89db0aace24824c482fb887b528304694b2aa6ff8a898da8657046a5dcf3e46cd6db6c61629551f9215f208d7c3f157cf9b290521
  languageName: node
  linkType: hard

"isarray@npm:~1.0.0":
  version: 1.0.0
  resolution: "isarray@npm:1.0.0"
  checksum: 10/f032df8e02dce8ec565cf2eb605ea939bdccea528dbcf565cdf92bfa2da9110461159d86a537388ef1acef8815a330642d7885b29010e8f7eac967c9993b65ab
  languageName: node
  linkType: hard

"isexe@npm:^2.0.0":
  version: 2.0.0
  resolution: "isexe@npm:2.0.0"
  checksum: 10/7c9f715c03aff08f35e98b1fadae1b9267b38f0615d501824f9743f3aab99ef10e303ce7db3f186763a0b70a19de5791ebfc854ff884d5a8c4d92211f642ec92
  languageName: node
  linkType: hard

"map-stream@npm:~0.1.0":
  version: 0.1.0
  resolution: "map-stream@npm:0.1.0"
  checksum: 10/f04a07041dccdf8140a4a6613e4731e917153ee031d3c837cb32ea7d609e8fbea538c44053718772f59dd1dca0ce68a5689ad006688612ee720d78bacf5bf24d
  languageName: node
  linkType: hard

"memory-pager@npm:^1.0.2":
  version: 1.5.0
  resolution: "memory-pager@npm:1.5.0"
  checksum: 10/ffe3461b6aa4e400138d1d9c59890b1cbeae3256592a0dfae49577f4bec93952de65f31f682f0b15451d2a7cf018be775ed1e1411705e45514b14fb70883a66b
  languageName: node
  linkType: hard

"mongodb@npm:^3.2.3":
  version: 3.7.3
  resolution: "mongodb@npm:3.7.3"
  dependencies:
    bl: "npm:^2.2.1"
    bson: "npm:^1.1.4"
    denque: "npm:^1.4.1"
    optional-require: "npm:^1.1.8"
    safe-buffer: "npm:^5.1.2"
    saslprep: "npm:^1.0.0"
  dependenciesMeta:
    saslprep:
      optional: true
  peerDependenciesMeta:
    aws4:
      optional: true
    bson-ext:
      optional: true
    kerberos:
      optional: true
    mongodb-client-encryption:
      optional: true
    mongodb-extjson:
      optional: true
    snappy:
      optional: true
  checksum: 10/0e385efb4b6c6935e22b5abef18bf9fcf69e7b606dfaab89510e13949e4f5698eb5e2843dc81308f8b788745c9523f07731d0a583c01e625f02ad389a2ec3788
  languageName: node
  linkType: hard

"monk-middleware-cast-ids@npm:^0.2.1":
  version: 0.2.1
  resolution: "monk-middleware-cast-ids@npm:0.2.1"
  checksum: 10/fb5d60eb65d9465cfc9debea1e4fa99d3373b0c20a8e20847414c3fb7e7163888e9253d1d8f8b9bd8ad182739f04a21a945193122d09df65b44fa0e2829e4226
  languageName: node
  linkType: hard

"monk-middleware-fields@npm:^0.2.0":
  version: 0.2.0
  resolution: "monk-middleware-fields@npm:0.2.0"
  checksum: 10/acc670026526296dc59b811d8a3ae54a04b153ba78e419828340eb3b3607bb1e84d0fe6128a851e3d663699c0df7ca1f9fd2e81686a2fa8ecd239db60091b452
  languageName: node
  linkType: hard

"monk-middleware-handle-callback@npm:^0.2.0":
  version: 0.2.2
  resolution: "monk-middleware-handle-callback@npm:0.2.2"
  checksum: 10/3c921ead69171e84af9f16c97894cf8ad6828b3cd0ee9990167cc6bfdda947dcbd9241123bfec74addc7755baaf689248a4c9b738289dcfa5eff69e6baa9b252
  languageName: node
  linkType: hard

"monk-middleware-options@npm:^0.2.1":
  version: 0.2.1
  resolution: "monk-middleware-options@npm:0.2.1"
  checksum: 10/6ecb2b55913cc514ddf79d40e356915d4a1beadf82151b32ce46ba5652f2a97d7d77f28901951002be6ee7bcb14e80d577ae3a66fd7da7a2ef3b20252bf2b504
  languageName: node
  linkType: hard

"monk-middleware-query@npm:^0.2.0":
  version: 0.2.0
  resolution: "monk-middleware-query@npm:0.2.0"
  checksum: 10/7950b535ca397938b73c651b6b755ec18204886760a665fc386ea78dd24ca2d04ca64cb9567759d84b844bd0b5108c7306eafb860955959309cbc9d2bf66f073
  languageName: node
  linkType: hard

"monk-middleware-wait-for-connection@npm:^0.2.0":
  version: 0.2.0
  resolution: "monk-middleware-wait-for-connection@npm:0.2.0"
  checksum: 10/1c3f23ddb3568fc01cabb777df550f7ef6eaf6f4701e4a2f6354c01c86f391225af96d9a8f3f1a7f542487e8a3f6ec18b44ec8d55102b3e1ee166d9c6751752a
  languageName: node
  linkType: hard

"monk@npm:^7.3.4":
  version: 7.3.4
  resolution: "monk@npm:7.3.4"
  dependencies:
    "@types/mongodb": "npm:^3.5.25"
    debug: "npm:*"
    mongodb: "npm:^3.2.3"
    monk-middleware-cast-ids: "npm:^0.2.1"
    monk-middleware-fields: "npm:^0.2.0"
    monk-middleware-handle-callback: "npm:^0.2.0"
    monk-middleware-options: "npm:^0.2.1"
    monk-middleware-query: "npm:^0.2.0"
    monk-middleware-wait-for-connection: "npm:^0.2.0"
    object-assign: "npm:^4.1.1"
  checksum: 10/a7ef73a029ab0a15ad0c215070db786db2bbc49759517ea01e563d004fbb90372bc7b31f5d0a74445e3bd1ea98c8e279f95b3311efe5af8158d728c5b0ff0249
  languageName: node
  linkType: hard

"ms@npm:2.1.2":
  version: 2.1.2
  resolution: "ms@npm:2.1.2"
  checksum: 10/673cdb2c3133eb050c745908d8ce632ed2c02d85640e2edb3ace856a2266a813b30c613569bf3354fdf4ea7d1a1494add3bfa95e2713baa27d0c2c71fc44f58f
  languageName: node
  linkType: hard

"node-cleanup@npm:^2.1.2":
  version: 2.1.2
  resolution: "node-cleanup@npm:2.1.2"
  checksum: 10/eeb831d27d734179ca6aa7504a65fa0debd7c77a883c5dbea2849fb7ed8fa0a3fe3a346926c5b1aaaf5537fd801d03da0efcf20b28385d7150276a9e8a2127a5
  languageName: node
  linkType: hard

"object-assign@npm:^4.1.1":
  version: 4.1.1
  resolution: "object-assign@npm:4.1.1"
  checksum: 10/fcc6e4ea8c7fe48abfbb552578b1c53e0d194086e2e6bbbf59e0a536381a292f39943c6e9628af05b5528aa5e3318bb30d6b2e53cadaf5b8fe9e12c4b69af23f
  languageName: node
  linkType: hard

"optional-require@npm:^1.1.8":
  version: 1.1.8
  resolution: "optional-require@npm:1.1.8"
  dependencies:
    require-at: "npm:^1.0.6"
  checksum: 10/656ecba9c2aa0ca0ec25bf7cba987e0cdda91c49caae361e6c5839fe02dc8bc467d3d77694b1fe47923a3815cd10a6e292b838a1251cb4abba951fc371fb162a
  languageName: node
  linkType: hard

"path-key@npm:^3.1.0":
  version: 3.1.1
  resolution: "path-key@npm:3.1.1"
  checksum: 10/55cd7a9dd4b343412a8386a743f9c746ef196e57c823d90ca3ab917f90ab9f13dd0ded27252ba49dbdfcab2b091d998bc446f6220cd3cea65db407502a740020
  languageName: node
  linkType: hard

"pause-stream@npm:0.0.11":
  version: 0.0.11
  resolution: "pause-stream@npm:0.0.11"
  dependencies:
    through: "npm:~2.3"
  checksum: 10/1407efadfe814b5c487e4b28d6139cb7e03ee5d25fbb5f89a68f2053e81f05ce6b2bec196eeb3d46ef2c856f785016d14816b0d0e3c3abd1b64311c5c20660dc
  languageName: node
  linkType: hard

"process-nextick-args@npm:~2.0.0":
  version: 2.0.1
  resolution: "process-nextick-args@npm:2.0.1"
  checksum: 10/1d38588e520dab7cea67cbbe2efdd86a10cc7a074c09657635e34f035277b59fbb57d09d8638346bf7090f8e8ebc070c96fa5fd183b777fff4f5edff5e9466cf
  languageName: node
  linkType: hard

"ps-tree@npm:^1.2.0":
  version: 1.2.0
  resolution: "ps-tree@npm:1.2.0"
  dependencies:
    event-stream: "npm:=3.3.4"
  bin:
    ps-tree: ./bin/ps-tree.js
  checksum: 10/0587defdc20c0768fad884623c0204c77e5228878a5cb043676b00529220ec12d9cb6a328a0580767a9909a317bff466fe4530a4676e3d145a9deb3b7fbbeef3
  languageName: node
  linkType: hard

"readable-stream@npm:^2.3.5":
  version: 2.3.7
  resolution: "readable-stream@npm:2.3.7"
  dependencies:
    core-util-is: "npm:~1.0.0"
    inherits: "npm:~2.0.3"
    isarray: "npm:~1.0.0"
    process-nextick-args: "npm:~2.0.0"
    safe-buffer: "npm:~5.1.1"
    string_decoder: "npm:~1.1.1"
    util-deprecate: "npm:~1.0.1"
  checksum: 10/d04c677c1705e3fc6283d45859a23f4c05243d0c0f1fc08cb8f995b4d69f0eb7f38ec0ec102f0ee20535c5d999ee27449f40aa2edf6bf30c24d0cc8f8efeb6d7
  languageName: node
  linkType: hard

"redis@npm:^4.6.15":
  version: 4.6.15
  resolution: "redis@npm:4.6.15"
  dependencies:
    "@redis/bloom": "npm:1.2.0"
    "@redis/client": "npm:1.5.17"
    "@redis/graph": "npm:1.1.1"
    "@redis/json": "npm:1.0.6"
    "@redis/search": "npm:1.1.6"
    "@redis/time-series": "npm:1.0.5"
  checksum: 10/72f74fc80c89a8251e997b2c55bd05f5556191adeafe806ea17842ece5d2f80be31a76e161a9f0badcc5c35924044d642de66d3fc27215525f7332e9862e56d3
  languageName: node
  linkType: hard

"require-at@npm:^1.0.6":
  version: 1.0.6
  resolution: "require-at@npm:1.0.6"
  checksum: 10/7753a6ebad99855ef015d5533a787c65e883c94c23371368eebf6f1c7e2a078811013b204823152cbab206a00e825e8e5ca09416fd835a489fa30bf064fbe6d9
  languageName: node
  linkType: hard

"safe-buffer@npm:^5.1.1, safe-buffer@npm:^5.1.2":
  version: 5.2.1
  resolution: "safe-buffer@npm:5.2.1"
  checksum: 10/32872cd0ff68a3ddade7a7617b8f4c2ae8764d8b7d884c651b74457967a9e0e886267d3ecc781220629c44a865167b61c375d2da6c720c840ecd73f45d5d9451
  languageName: node
  linkType: hard

"safe-buffer@npm:~5.1.0, safe-buffer@npm:~5.1.1":
  version: 5.1.2
  resolution: "safe-buffer@npm:5.1.2"
  checksum: 10/7eb5b48f2ed9a594a4795677d5a150faa7eb54483b2318b568dc0c4fc94092a6cce5be02c7288a0500a156282f5276d5688bce7259299568d1053b2150ef374a
  languageName: node
  linkType: hard

"saslprep@npm:^1.0.0":
  version: 1.0.3
  resolution: "saslprep@npm:1.0.3"
  dependencies:
    sparse-bitfield: "npm:^3.0.3"
  checksum: 10/d6cae5f0adc960f355b7a78c25616c2aea31e7eeb6322eb2d553f09f1db249594651c1e5d54910e9a47b1dc6131beda82db13ffafbceea92f2a673d69c839982
  languageName: node
  linkType: hard

"shebang-command@npm:^2.0.0":
  version: 2.0.0
  resolution: "shebang-command@npm:2.0.0"
  dependencies:
    shebang-regex: "npm:^3.0.0"
  checksum: 10/6b52fe87271c12968f6a054e60f6bde5f0f3d2db483a1e5c3e12d657c488a15474121a1d55cd958f6df026a54374ec38a4a963988c213b7570e1d51575cea7fa
  languageName: node
  linkType: hard

"shebang-regex@npm:^3.0.0":
  version: 3.0.0
  resolution: "shebang-regex@npm:3.0.0"
  checksum: 10/1a2bcae50de99034fcd92ad4212d8e01eedf52c7ec7830eedcf886622804fe36884278f2be8be0ea5fde3fd1c23911643a4e0f726c8685b61871c8908af01222
  languageName: node
  linkType: hard

"sparse-bitfield@npm:^3.0.3":
  version: 3.0.3
  resolution: "sparse-bitfield@npm:3.0.3"
  dependencies:
    memory-pager: "npm:^1.0.2"
  checksum: 10/174da88dbbcc783d5dbd26921931cc83830280b8055fb05333786ebe6fc015b9601b24972b3d55920dd2d9f5fb120576fbfa2469b08e5222c9cadf3f05210aab
  languageName: node
  linkType: hard

"split@npm:0.3":
  version: 0.3.3
  resolution: "split@npm:0.3.3"
  dependencies:
    through: "npm:2"
  checksum: 10/41b397e9fedc984ee1b061780bf173ef72a4f99265ca9cbccd9765b8cc0729eeee6cdeaf70664eb3eb0823e8430db033e50a33050498d75569fc743c6964c84e
  languageName: node
  linkType: hard

"stream-combiner@npm:~0.0.4":
  version: 0.0.4
  resolution: "stream-combiner@npm:0.0.4"
  dependencies:
    duplexer: "npm:~0.1.1"
  checksum: 10/844b622cfe8b9de45a6007404f613b60aaf85200ab9862299066204242f89a7c8033b1c356c998aa6cfc630f6cd9eba119ec1c6dc1f93e245982be4a847aee7d
  languageName: node
  linkType: hard

"string-argv@npm:^0.3.1":
  version: 0.3.2
  resolution: "string-argv@npm:0.3.2"
  checksum: 10/f9d3addf887026b4b5f997a271149e93bf71efc8692e7dc0816e8807f960b18bcb9787b45beedf0f97ff459575ee389af3f189d8b649834cac602f2e857e75af
  languageName: node
  linkType: hard

"string_decoder@npm:~1.1.1":
  version: 1.1.1
  resolution: "string_decoder@npm:1.1.1"
  dependencies:
    safe-buffer: "npm:~5.1.0"
  checksum: 10/7c41c17ed4dea105231f6df208002ebddd732e8e9e2d619d133cecd8e0087ddfd9587d2feb3c8caf3213cbd841ada6d057f5142cae68a4e62d3540778d9819b4
  languageName: node
  linkType: hard

"through@npm:2, through@npm:~2.3, through@npm:~2.3.1":
  version: 2.3.8
  resolution: "through@npm:2.3.8"
  checksum: 10/5da78346f70139a7d213b65a0106f3c398d6bc5301f9248b5275f420abc2c4b1e77c2abc72d218dedc28c41efb2e7c312cb76a7730d04f9c2d37d247da3f4198
  languageName: node
  linkType: hard

"tsc-watch@npm:^6.2.0":
  version: 6.2.0
  resolution: "tsc-watch@npm:6.2.0"
  dependencies:
    cross-spawn: "npm:^7.0.3"
    node-cleanup: "npm:^2.1.2"
    ps-tree: "npm:^1.2.0"
    string-argv: "npm:^0.3.1"
  peerDependencies:
    typescript: "*"
  bin:
    tsc-watch: dist/lib/tsc-watch.js
  checksum: 10/53a81d3c77f71e40a54179b5a7f25e06d0a2fc0a59f9a6406a04e187751baa1995b6854cb6e0881519c8139c6cbd40c140bc862d7aed4cf9474a827c39567157
  languageName: node
  linkType: hard

"typescript@npm:^5.5.3":
  version: 5.5.3
  resolution: "typescript@npm:5.5.3"
  bin:
    tsc: bin/tsc
    tsserver: bin/tsserver
  checksum: 10/11a867312419ed497929aafd2f1d28b2cd41810a5eb6c6e9e169559112e9ea073d681c121a29102e67cd4478d0a4ae37a306a5800f3717f59c4337e6a9bd5e8d
  languageName: node
  linkType: hard

"typescript@patch:typescript@npm%3A^5.5.3#optional!builtin<compat/typescript>":
  version: 5.5.3
  resolution: "typescript@patch:typescript@npm%3A5.5.3#optional!builtin<compat/typescript>::version=5.5.3&hash=379a07"
  bin:
    tsc: bin/tsc
    tsserver: bin/tsserver
  checksum: 10/7cf7acb78a80f749b82842f2ffe01e90e7b3e709a6f4268588e0b7599c41dca1059be217f47778fe1a380bfaf60933021ef20d002c426d4d7745e1b36c11467b
  languageName: node
  linkType: hard

"undici-types@npm:~5.26.4":
  version: 5.26.5
  resolution: "undici-types@npm:5.26.5"
  checksum: 10/0097779d94bc0fd26f0418b3a05472410408877279141ded2bd449167be1aed7ea5b76f756562cb3586a07f251b90799bab22d9019ceba49c037c76445f7cddd
  languageName: node
  linkType: hard

"util-deprecate@npm:~1.0.1":
  version: 1.0.2
  resolution: "util-deprecate@npm:1.0.2"
  checksum: 10/474acf1146cb2701fe3b074892217553dfcf9a031280919ba1b8d651a068c9b15d863b7303cb15bd00a862b498e6cf4ad7b4a08fb134edd5a6f7641681cb54a2
  languageName: node
  linkType: hard

"which@npm:^2.0.1":
  version: 2.0.2
  resolution: "which@npm:2.0.2"
  dependencies:
    isexe: "npm:^2.0.0"
  bin:
    node-which: ./bin/node-which
  checksum: 10/4782f8a1d6b8fc12c65e968fea49f59752bf6302dc43036c3bf87da718a80710f61a062516e9764c70008b487929a73546125570acea95c5b5dcc8ac3052c70f
  languageName: node
  linkType: hard

"yallist@npm:4.0.0":
  version: 4.0.0
  resolution: "yallist@npm:4.0.0"
  checksum: 10/4cb02b42b8a93b5cf50caf5d8e9beb409400a8a4d85e83bb0685c1457e9ac0b7a00819e9f5991ac25ffabb56a78e2f017c1acc010b3a1babfe6de690ba531abd
  languageName: node
  linkType: hard
