# This file is generated by running "yarn install" inside your project.
# Manual changes might be lost - proceed with caution!

__metadata:
  version: 8
  cacheKey: 10c0

"@opentelemetry/api@npm:^1.4.0":
  version: 1.9.0
  resolution: "@opentelemetry/api@npm:1.9.0"
  checksum: 10c0/9aae2fe6e8a3a3eeb6c1fdef78e1939cf05a0f37f8a4fae4d6bf2e09eb1e06f966ece85805626e01ba5fab48072b94f19b835449e58b6d26720ee19a58298add
  languageName: node
  linkType: hard

"@solid-primitives/map@npm:^0.4.11":
  version: 0.4.11
  resolution: "@solid-primitives/map@npm:0.4.11"
  dependencies:
    "@solid-primitives/trigger": "npm:^1.0.11"
  peerDependencies:
    solid-js: ^1.6.12
  checksum: 10c0/b6ec3784ca268ef511fc48a8ffe61ca897e07d6972c4db26ca8b7f8af936791d7ae59cb219df7f51583a30f8160b65ad0d0e181eec7d158c832e70d3aa9f1876
  languageName: node
  linkType: hard

"@solid-primitives/set@npm:^0.4.11":
  version: 0.4.11
  resolution: "@solid-primitives/set@npm:0.4.11"
  dependencies:
    "@solid-primitives/trigger": "npm:^1.0.11"
  peerDependencies:
    solid-js: ^1.6.12
  checksum: 10c0/3ef1d2e53e436fe9a4c697bba4af17839ca2129ae305d853e5016353bd1fbe6a94d8bbf22b75c186e89733659b92d55e2c41c38624f2cad347a2663bf2314b98
  languageName: node
  linkType: hard

"@solid-primitives/trigger@npm:^1.0.11":
  version: 1.0.11
  resolution: "@solid-primitives/trigger@npm:1.0.11"
  dependencies:
    "@solid-primitives/utils": "npm:^6.2.3"
  peerDependencies:
    solid-js: ^1.6.12
  checksum: 10c0/621a26ea6fb78ef24b07de343f3485ccc3db496bb54929996dbb830ee89b9d06d3b3f3ef30cb34b670624f6a4f640b07ad84e55860e3112ae487905ef9949c6c
  languageName: node
  linkType: hard

"@solid-primitives/utils@npm:^6.2.3":
  version: 6.2.3
  resolution: "@solid-primitives/utils@npm:6.2.3"
  peerDependencies:
    solid-js: ^1.6.12
  checksum: 10c0/d14d922b17f7745a612bc264293db582b9f40e6f06366153401b92d0d4d5b85bef8e187ac5e7cf3689d6c675a9754bdca9ad3fdb5ad76657be974a62d9df6005
  languageName: node
  linkType: hard

"@types/bson@npm:*":
  version: 4.0.5
  resolution: "@types/bson@npm:4.0.5"
  dependencies:
    "@types/node": "npm:*"
  checksum: 10c0/0a1ff97af10796769756cce1da114cbf43752f129e4503ae8d9f6995d6a65619bcf7e96bcb66992c8619a53825e0a79dd5dff8a86ce3c378d3b721d07f5e624f
  languageName: node
  linkType: hard

"@types/mongodb@npm:^3.5.25":
  version: 3.6.20
  resolution: "@types/mongodb@npm:3.6.20"
  dependencies:
    "@types/bson": "npm:*"
    "@types/node": "npm:*"
  checksum: 10c0/eafa1074bfed07ab128a1d4635d8b2afdbb1dd1bf1c9fc3b5701b34f50cc6ec5f0de5b3fd59434254cf7b3e7fdc4549492478996ac9a5e5a7c5aba2aeae53560
  languageName: node
  linkType: hard

"@types/monk@npm:^6.0.0":
  version: 6.0.0
  resolution: "@types/monk@npm:6.0.0"
  dependencies:
    monk: "npm:*"
  checksum: 10c0/c00a7a10863335a4ca09c981b74327f486608fd4c94d935788e9b4e0b93bd1762e9c07ef9e37ac0ac9877ed6d0e71e1a67ad48a9959c5681273dc66a19178e50
  languageName: node
  linkType: hard

"@types/node@npm:*":
  version: 18.15.3
  resolution: "@types/node@npm:18.15.3"
  checksum: 10c0/a985241adec48f5dd9328b8fbf52b2e3ae65986a6ced85fbfba4c4b5048152c894dfbbc31f17d6616104f445df915dc455f108b4e8138b7dd58490baab6a4b89
  languageName: node
  linkType: hard

"@types/ws@npm:^8.5.11":
  version: 8.5.11
  resolution: "@types/ws@npm:8.5.11"
  dependencies:
    "@types/node": "npm:*"
  checksum: 10c0/50bd2e1a12659fa024a97d7e8c267fbf2a2c2251f1edf2057aa7dfc99682f5c025a188df9e27414675c78d3b189346a3567e1e4c218ad79a9d2b0f1f2b860c3a
  languageName: node
  linkType: hard

"adler-32@npm:~1.3.0":
  version: 1.3.1
  resolution: "adler-32@npm:1.3.1"
  checksum: 10c0/c1b7185526ee1bbe0eac8ed414d5226af4cd02a0540449a72ec1a75f198c5e93352ba4d7b9327231eea31fd83c2d080d13baf16d8ed5710fb183677beb85f612
  languageName: node
  linkType: hard

"asynckit@npm:^0.4.0":
  version: 0.4.0
  resolution: "asynckit@npm:0.4.0"
  checksum: 10c0/d73e2ddf20c4eb9337e1b3df1a0f6159481050a5de457c55b14ea2e5cb6d90bb69e004c9af54737a5ee0917fcf2c9e25de67777bbe58261847846066ba75bc9d
  languageName: node
  linkType: hard

"automod@portal:../lib::locator=revolt-automod%40workspace%3A.":
  version: 0.0.0-use.local
  resolution: "automod@portal:../lib::locator=revolt-automod%40workspace%3A."
  languageName: node
  linkType: soft

"axios@npm:^0.26.1":
  version: 0.26.1
  resolution: "axios@npm:0.26.1"
  dependencies:
    follow-redirects: "npm:^1.14.8"
  checksum: 10c0/77ad7f1e6ca04fcd3fa8af1795b09d8b7c005b71a31f28d99ba40cda0bdcc12a4627801d7fac5efa62b9f667a8402bd54c669039694373bc8d44f6be611f785c
  languageName: node
  linkType: hard

"axios@npm:^1.7.5":
  version: 1.7.5
  resolution: "axios@npm:1.7.5"
  dependencies:
    follow-redirects: "npm:^1.15.6"
    form-data: "npm:^4.0.0"
    proxy-from-env: "npm:^1.1.0"
  checksum: 10c0/1d5daeb28b3d1bb2a7b9f0743433c4bfbeaddc15461e50ebde487eec6c009af2515749d5261096dd430c90cd891bd310bcba5ec3967bae2033c4a307f58a6ad3
  languageName: node
  linkType: hard

"bintrees@npm:1.0.2":
  version: 1.0.2
  resolution: "bintrees@npm:1.0.2"
  checksum: 10c0/132944b20c93c1a8f97bf8aa25980a76c6eb4291b7f2df2dbcd01cb5b417c287d3ee0847c7260c9f05f3d5a4233aaa03dec95114e97f308abe9cc3f72bed4a44
  languageName: node
  linkType: hard

"bl@npm:^2.2.1":
  version: 2.2.1
  resolution: "bl@npm:2.2.1"
  dependencies:
    readable-stream: "npm:^2.3.5"
    safe-buffer: "npm:^5.1.1"
  checksum: 10c0/37481260f1661755253b6205fcdd64b6d852147aaf61628947d2193fcdb78e625ee061dae0094ac16e7c7f10b12c90110fb2b08826815d47a28f9628bebb5a8f
  languageName: node
  linkType: hard

"bson@npm:^1.1.4":
  version: 1.1.6
  resolution: "bson@npm:1.1.6"
  checksum: 10c0/a45416578e09837d0341149ee4bf2f2704d2e4ec5cdacbc343600e0d3cf01efdf17d6b64f8fc2e664ec2f727ad6ad2bce05894d9e7e4d4a0a10342ddbb122163
  languageName: node
  linkType: hard

"cfb@npm:~1.2.1":
  version: 1.2.2
  resolution: "cfb@npm:1.2.2"
  dependencies:
    adler-32: "npm:~1.3.0"
    crc-32: "npm:~1.2.0"
  checksum: 10c0/87f6d9c3878268896ed6ca29dfe32a2aa078b12d0f21d8405c95911b74ab6296823d7312bbf5e18326d00b16cc697f587e07a17018c5edf7a1ba31dd5bc6da36
  languageName: node
  linkType: hard

"codepage@npm:~1.15.0":
  version: 1.15.0
  resolution: "codepage@npm:1.15.0"
  checksum: 10c0/2455b482302cb784b46dea60a8ee83f0c23e794bdd979556bdb107abe681bba722af62a37f5c955ff4efd68fdb9688c3986e719b4fd536c0e06bb25bc82abea3
  languageName: node
  linkType: hard

"combined-stream@npm:^1.0.8":
  version: 1.0.8
  resolution: "combined-stream@npm:1.0.8"
  dependencies:
    delayed-stream: "npm:~1.0.0"
  checksum: 10c0/0dbb829577e1b1e839fa82b40c07ffaf7de8a09b935cadd355a73652ae70a88b4320db322f6634a4ad93424292fa80973ac6480986247f1734a1137debf271d5
  languageName: node
  linkType: hard

"core-util-is@npm:~1.0.0":
  version: 1.0.3
  resolution: "core-util-is@npm:1.0.3"
  checksum: 10c0/90a0e40abbddfd7618f8ccd63a74d88deea94e77d0e8dbbea059fa7ebebb8fbb4e2909667fe26f3a467073de1a542ebe6ae4c73a73745ac5833786759cd906c9
  languageName: node
  linkType: hard

"crc-32@npm:~1.2.0, crc-32@npm:~1.2.1":
  version: 1.2.2
  resolution: "crc-32@npm:1.2.2"
  bin:
    crc32: bin/crc32.njs
  checksum: 10c0/11dcf4a2e77ee793835d49f2c028838eae58b44f50d1ff08394a610bfd817523f105d6ae4d9b5bef0aad45510f633eb23c903e9902e4409bed1ce70cb82b9bf0
  languageName: node
  linkType: hard

"csstype@npm:^3.1.0":
  version: 3.1.2
  resolution: "csstype@npm:3.1.2"
  checksum: 10c0/32c038af259897c807ac738d9eab16b3d86747c72b09d5c740978e06f067f9b7b1737e1b75e407c7ab1fe1543dc95f20e202b4786aeb1b8d3bdf5d5ce655e6c6
  languageName: node
  linkType: hard

"dayjs@npm:^1.11.11":
  version: 1.11.11
  resolution: "dayjs@npm:1.11.11"
  checksum: 10c0/0131d10516b9945f05a57e13f4af49a6814de5573a494824e103131a3bbe4cc470b1aefe8e17e51f9a478a22cd116084be1ee5725cedb66ec4c3f9091202dc4b
  languageName: node
  linkType: hard

"debug@npm:*":
  version: 4.3.4
  resolution: "debug@npm:4.3.4"
  dependencies:
    ms: "npm:2.1.2"
  peerDependenciesMeta:
    supports-color:
      optional: true
  checksum: 10c0/cedbec45298dd5c501d01b92b119cd3faebe5438c3917ff11ae1bff86a6c722930ac9c8659792824013168ba6db7c4668225d845c633fbdafbbf902a6389f736
  languageName: node
  linkType: hard

"delayed-stream@npm:~1.0.0":
  version: 1.0.0
  resolution: "delayed-stream@npm:1.0.0"
  checksum: 10c0/d758899da03392e6712f042bec80aa293bbe9e9ff1b2634baae6a360113e708b91326594c8a486d475c69d6259afb7efacdc3537bfcda1c6c648e390ce601b19
  languageName: node
  linkType: hard

"denque@npm:^1.4.1":
  version: 1.5.1
  resolution: "denque@npm:1.5.1"
  checksum: 10c0/9e6fc1a63e1c9ded38325290302fef40e5ad28471ad8c66d68eaea623ef847bd25fc75a7c3f47396206dc967922615999066470a364e1786f2758d61337872b7
  languageName: node
  linkType: hard

"eventemitter3@npm:^5.0.1":
  version: 5.0.1
  resolution: "eventemitter3@npm:5.0.1"
  checksum: 10c0/4ba5c00c506e6c786b4d6262cfbce90ddc14c10d4667e5c83ae993c9de88aa856033994dd2b35b83e8dc1170e224e66a319fa80adc4c32adcd2379bbc75da814
  languageName: node
  linkType: hard

"follow-redirects@npm:^1.14.8":
  version: 1.15.2
  resolution: "follow-redirects@npm:1.15.2"
  peerDependenciesMeta:
    debug:
      optional: true
  checksum: 10c0/da5932b70e63944d38eecaa16954bac4347036f08303c913d166eda74809d8797d38386e3a0eb1d2fe37d2aaff2764cce8e9dbd99459d860cf2cdfa237923b5f
  languageName: node
  linkType: hard

"follow-redirects@npm:^1.15.6":
  version: 1.15.6
  resolution: "follow-redirects@npm:1.15.6"
  peerDependenciesMeta:
    debug:
      optional: true
  checksum: 10c0/9ff767f0d7be6aa6870c82ac79cf0368cd73e01bbc00e9eb1c2a16fbb198ec105e3c9b6628bb98e9f3ac66fe29a957b9645bcb9a490bb7aa0d35f908b6b85071
  languageName: node
  linkType: hard

"form-data@npm:^4.0.0":
  version: 4.0.0
  resolution: "form-data@npm:4.0.0"
  dependencies:
    asynckit: "npm:^0.4.0"
    combined-stream: "npm:^1.0.8"
    mime-types: "npm:^2.1.12"
  checksum: 10c0/cb6f3ac49180be03ff07ba3ff125f9eba2ff0b277fb33c7fc47569fc5e616882c5b1c69b9904c4c4187e97dd0419dd03b134174756f296dec62041e6527e2c6e
  languageName: node
  linkType: hard

"frac@npm:~1.1.2":
  version: 1.1.2
  resolution: "frac@npm:1.1.2"
  checksum: 10c0/640740eb58b590eb38c78c676955bee91cd22d854f5876241a15c49d4495fa53a84898779dcf7eca30aabfe1c1a4a705752b5f224934257c5dda55c545413ba7
  languageName: node
  linkType: hard

"inherits@npm:~2.0.3":
  version: 2.0.4
  resolution: "inherits@npm:2.0.4"
  checksum: 10c0/4e531f648b29039fb7426fb94075e6545faa1eb9fe83c29f0b6d9e7263aceb4289d2d4557db0d428188eeb449cc7c5e77b0a0b2c4e248ff2a65933a0dee49ef2
  languageName: node
  linkType: hard

"isarray@npm:~1.0.0":
  version: 1.0.0
  resolution: "isarray@npm:1.0.0"
  checksum: 10c0/18b5be6669be53425f0b84098732670ed4e727e3af33bc7f948aac01782110eb9a18b3b329c5323bcdd3acdaae547ee077d3951317e7f133bff7105264b3003d
  languageName: node
  linkType: hard

"isomorphic-ws@npm:^5.0.0":
  version: 5.0.0
  resolution: "isomorphic-ws@npm:5.0.0"
  peerDependencies:
    ws: "*"
  checksum: 10c0/a058ac8b5e6efe9e46252cb0bc67fd325005d7216451d1a51238bc62d7da8486f828ef017df54ddf742e0fffcbe4b1bcc2a66cc115b027ed0180334cd18df252
  languageName: node
  linkType: hard

"lodash.defaultsdeep@npm:^4.6.1":
  version: 4.6.1
  resolution: "lodash.defaultsdeep@npm:4.6.1"
  checksum: 10c0/0031ca3055d5482fc2e9b55d0ee174a3e956039996fac52dbe94ca67eb50bb72ffc75d0eb86bcc782fefc597ebbc1798df941f27382bec23138e53180427700b
  languageName: node
  linkType: hard

"long@npm:^5.2.3":
  version: 5.2.3
  resolution: "long@npm:5.2.3"
  checksum: 10c0/6a0da658f5ef683b90330b1af76f06790c623e148222da9d75b60e266bbf88f803232dd21464575681638894a84091616e7f89557aa087fd14116c0f4e0e43d9
  languageName: node
  linkType: hard

"memory-pager@npm:^1.0.2":
  version: 1.5.0
  resolution: "memory-pager@npm:1.5.0"
  checksum: 10c0/2596e80c99fee24f05bd8a20cde2ee899012c996f4ec361ac76ed6f009f34149d733ac6f76880106ccd6a66d062ad439357578d383d429df66ba1278f68806e9
  languageName: node
  linkType: hard

"mime-db@npm:1.52.0":
  version: 1.52.0
  resolution: "mime-db@npm:1.52.0"
  checksum: 10c0/0557a01deebf45ac5f5777fe7740b2a5c309c6d62d40ceab4e23da9f821899ce7a900b7ac8157d4548ddbb7beffe9abc621250e6d182b0397ec7f10c7b91a5aa
  languageName: node
  linkType: hard

"mime-types@npm:^2.1.12":
  version: 2.1.35
  resolution: "mime-types@npm:2.1.35"
  dependencies:
    mime-db: "npm:1.52.0"
  checksum: 10c0/82fb07ec56d8ff1fc999a84f2f217aa46cb6ed1033fefaabd5785b9a974ed225c90dc72fff460259e66b95b73648596dbcc50d51ed69cdf464af2d237d3149b2
  languageName: node
  linkType: hard

"mongodb@npm:^3.2.3":
  version: 3.7.3
  resolution: "mongodb@npm:3.7.3"
  dependencies:
    bl: "npm:^2.2.1"
    bson: "npm:^1.1.4"
    denque: "npm:^1.4.1"
    optional-require: "npm:^1.1.8"
    safe-buffer: "npm:^5.1.2"
    saslprep: "npm:^1.0.0"
  dependenciesMeta:
    saslprep:
      optional: true
  peerDependenciesMeta:
    aws4:
      optional: true
    bson-ext:
      optional: true
    kerberos:
      optional: true
    mongodb-client-encryption:
      optional: true
    mongodb-extjson:
      optional: true
    snappy:
      optional: true
  checksum: 10c0/923603e778feb9def195d9dddabbfb83ae56aa01759b9e2f326c96cf75c6e99581c56c0b2baa05f2e57309c35deb9ee98bbc5f7a0515d5d0624cb03156485a8c
  languageName: node
  linkType: hard

"monk-middleware-cast-ids@npm:^0.2.1":
  version: 0.2.1
  resolution: "monk-middleware-cast-ids@npm:0.2.1"
  checksum: 10c0/75d59d8a26f2a3a1fb7c6c4d518c17fd4d2d797bd38d86a2152dfb7738220d41cf40dda2048eea6f79a59e167d50a53e1f15ea03feb35f657d3f108c2ad6075c
  languageName: node
  linkType: hard

"monk-middleware-fields@npm:^0.2.0":
  version: 0.2.0
  resolution: "monk-middleware-fields@npm:0.2.0"
  checksum: 10c0/9e532154338aaab34eb105e9b22d07c22cf8d81731efeea94dac74d1437717f2db7d9fdefb44f6248a8a7005638044f7e97e9807186744b6744638aae370d2d5
  languageName: node
  linkType: hard

"monk-middleware-handle-callback@npm:^0.2.0":
  version: 0.2.2
  resolution: "monk-middleware-handle-callback@npm:0.2.2"
  checksum: 10c0/0beeb4cc6214c536609ebb2cb6cb537d4b99e83dc65f6fb080db8e4432217e71be04154063c03f7ddb3bf255b38b6d884e7df4cbeb4c5c1626ca4ef622a8af81
  languageName: node
  linkType: hard

"monk-middleware-options@npm:^0.2.1":
  version: 0.2.1
  resolution: "monk-middleware-options@npm:0.2.1"
  checksum: 10c0/bdd0bdd3cd8fbbd6f46065a2992b3d5b46710cfe7bc49227616d33de882b43eaa5be9b3fcc75ff2e678e61ace1caba9c4cce6baa50c2f8ab9607e2397dfecff3
  languageName: node
  linkType: hard

"monk-middleware-query@npm:^0.2.0":
  version: 0.2.0
  resolution: "monk-middleware-query@npm:0.2.0"
  checksum: 10c0/c6900628192f8bf323089bab3af7c09cf2a20c04ca62e626077532a1e32d6bde96b452bc25ce9e4e4d25b3defb985f5cff16402f4c0db6a5bb14e5fe68e13557
  languageName: node
  linkType: hard

"monk-middleware-wait-for-connection@npm:^0.2.0":
  version: 0.2.0
  resolution: "monk-middleware-wait-for-connection@npm:0.2.0"
  checksum: 10c0/dad3906190f76a27dfa67234a8ed6bd2dbc9a1020c7d0e40d488725b8adec30b5cf7ac28d4b26f9b32e37f306d5fb049a84dda4f20960bd7a7ff5b63dc91bb98
  languageName: node
  linkType: hard

"monk@npm:*, monk@npm:^7.3.4":
  version: 7.3.4
  resolution: "monk@npm:7.3.4"
  dependencies:
    "@types/mongodb": "npm:^3.5.25"
    debug: "npm:*"
    mongodb: "npm:^3.2.3"
    monk-middleware-cast-ids: "npm:^0.2.1"
    monk-middleware-fields: "npm:^0.2.0"
    monk-middleware-handle-callback: "npm:^0.2.0"
    monk-middleware-options: "npm:^0.2.1"
    monk-middleware-query: "npm:^0.2.0"
    monk-middleware-wait-for-connection: "npm:^0.2.0"
    object-assign: "npm:^4.1.1"
  checksum: 10c0/d5268d59dde466d968cb7f5244de1a322b92973189c3fcdf73b2a454740d28885c05d0cf77531e4dbf1c13176f8fb43c97b0630b0ba51aa08c81dcfcecda71e1
  languageName: node
  linkType: hard

"ms@npm:2.1.2":
  version: 2.1.2
  resolution: "ms@npm:2.1.2"
  checksum: 10c0/a437714e2f90dbf881b5191d35a6db792efbca5badf112f87b9e1c712aace4b4b9b742dd6537f3edf90fd6f684de897cec230abde57e87883766712ddda297cc
  languageName: node
  linkType: hard

"object-assign@npm:^4.1.1":
  version: 4.1.1
  resolution: "object-assign@npm:4.1.1"
  checksum: 10c0/1f4df9945120325d041ccf7b86f31e8bcc14e73d29171e37a7903050e96b81323784ec59f93f102ec635bcf6fa8034ba3ea0a8c7e69fa202b87ae3b6cec5a414
  languageName: node
  linkType: hard

"optional-require@npm:^1.1.8":
  version: 1.1.8
  resolution: "optional-require@npm:1.1.8"
  dependencies:
    require-at: "npm:^1.0.6"
  checksum: 10c0/cfb827331277d562b2a6f3c37c6f38da458b0750ec60eff3032385ae8121a7b6855feed272c5c95793661d17bd9418110b81239f284dd702891ec3d91273dc95
  languageName: node
  linkType: hard

"process-nextick-args@npm:~2.0.0":
  version: 2.0.1
  resolution: "process-nextick-args@npm:2.0.1"
  checksum: 10c0/bec089239487833d46b59d80327a1605e1c5287eaad770a291add7f45fda1bb5e28b38e0e061add0a1d0ee0984788ce74fa394d345eed1c420cacf392c554367
  languageName: node
  linkType: hard

"prom-client@npm:^15.1.3":
  version: 15.1.3
  resolution: "prom-client@npm:15.1.3"
  dependencies:
    "@opentelemetry/api": "npm:^1.4.0"
    tdigest: "npm:^0.1.1"
  checksum: 10c0/816525572e5799a2d1d45af78512fb47d073c842dc899c446e94d17cfc343d04282a1627c488c7ca1bcd47f766446d3e49365ab7249f6d9c22c7664a5bce7021
  languageName: node
  linkType: hard

"proxy-from-env@npm:^1.1.0":
  version: 1.1.0
  resolution: "proxy-from-env@npm:1.1.0"
  checksum: 10c0/fe7dd8b1bdbbbea18d1459107729c3e4a2243ca870d26d34c2c1bcd3e4425b7bcc5112362df2d93cc7fb9746f6142b5e272fd1cc5c86ddf8580175186f6ad42b
  languageName: node
  linkType: hard

"readable-stream@npm:^2.3.5":
  version: 2.3.8
  resolution: "readable-stream@npm:2.3.8"
  dependencies:
    core-util-is: "npm:~1.0.0"
    inherits: "npm:~2.0.3"
    isarray: "npm:~1.0.0"
    process-nextick-args: "npm:~2.0.0"
    safe-buffer: "npm:~5.1.1"
    string_decoder: "npm:~1.1.1"
    util-deprecate: "npm:~1.0.1"
  checksum: 10c0/7efdb01f3853bc35ac62ea25493567bf588773213f5f4a79f9c365e1ad13bab845ac0dae7bc946270dc40c3929483228415e92a3fc600cc7e4548992f41ee3fa
  languageName: node
  linkType: hard

"require-at@npm:^1.0.6":
  version: 1.0.6
  resolution: "require-at@npm:1.0.6"
  checksum: 10c0/2497ef4e9630943337b3d3f37d9dc7509030a279dcf5614a06b07819c83ce7d811b9a4dba058a914cf8ee1ad9e8162c53af29e4004f3a450206a4e06b95e1acd
  languageName: node
  linkType: hard

"revolt-api@npm:0.7.11":
  version: 0.7.11
  resolution: "revolt-api@npm:0.7.11"
  dependencies:
    axios: "npm:^0.26.1"
    lodash.defaultsdeep: "npm:^4.6.1"
  checksum: 10c0/aa45343721e0fde5cc5983ff9df073a956a28f4b64b8e0b0b25b3bfe7850d014635e5903542d880d0e3cab9cc7949769c644400e44fc5df016458239a1405622
  languageName: node
  linkType: hard

"revolt-api@npm:0.7.13":
  version: 0.7.13
  resolution: "revolt-api@npm:0.7.13"
  dependencies:
    axios: "npm:^0.26.1"
    lodash.defaultsdeep: "npm:^4.6.1"
  checksum: 10c0/8bbdfc113f43aa0219a62a83d0f39d317602f06ee300ec8754d2a212a3f1f270a8669817fd9a0624da6e5f74fe32fdcc5e6e447f526fba2a44cb7f7e335ca4d5
  languageName: node
  linkType: hard

"revolt-automod@workspace:.":
  version: 0.0.0-use.local
  resolution: "revolt-automod@workspace:."
  dependencies:
    "@types/monk": "npm:^6.0.0"
    "@types/ws": "npm:^8.5.11"
    automod: "npm:^0.1.0"
    axios: "npm:^1.7.5"
    dayjs: "npm:^1.11.11"
    form-data: "npm:^4.0.0"
    monk: "npm:^7.3.4"
    prom-client: "npm:^15.1.3"
    revolt-api: "npm:0.7.13"
    revolt.js: "npm:^7.0.3"
    typescript: "npm:^5.5.3"
    ulid: "npm:^2.3.0"
    xlsx: "npm:^0.18.5"
  languageName: unknown
  linkType: soft

"revolt.js@npm:^7.0.3":
  version: 7.0.3
  resolution: "revolt.js@npm:7.0.3"
  dependencies:
    "@solid-primitives/map": "npm:^0.4.11"
    "@solid-primitives/set": "npm:^0.4.11"
    eventemitter3: "npm:^5.0.1"
    isomorphic-ws: "npm:^5.0.0"
    long: "npm:^5.2.3"
    revolt-api: "npm:0.7.11"
    solid-js: "npm:^1.8.15"
    ulid: "npm:^2.3.0"
    ws: "npm:^8.16.0"
  checksum: 10c0/bb8f2dd2c8c400494bbffef525c51764ef63213de657f6e3fc643b585da4786c658ed602d6b6a400c6204d79be36a78f1767806a9cdd431e0f3a09a614016d42
  languageName: node
  linkType: hard

"safe-buffer@npm:^5.1.1, safe-buffer@npm:^5.1.2":
  version: 5.2.1
  resolution: "safe-buffer@npm:5.2.1"
  checksum: 10c0/6501914237c0a86e9675d4e51d89ca3c21ffd6a31642efeba25ad65720bce6921c9e7e974e5be91a786b25aa058b5303285d3c15dbabf983a919f5f630d349f3
  languageName: node
  linkType: hard

"safe-buffer@npm:~5.1.0, safe-buffer@npm:~5.1.1":
  version: 5.1.2
  resolution: "safe-buffer@npm:5.1.2"
  checksum: 10c0/780ba6b5d99cc9a40f7b951d47152297d0e260f0df01472a1b99d4889679a4b94a13d644f7dbc4f022572f09ae9005fa2fbb93bbbd83643316f365a3e9a45b21
  languageName: node
  linkType: hard

"saslprep@npm:^1.0.0":
  version: 1.0.3
  resolution: "saslprep@npm:1.0.3"
  dependencies:
    sparse-bitfield: "npm:^3.0.3"
  checksum: 10c0/7dea5b2c0cb507132d4a6e1a65082b1118b435f9bb5b13665e71e581875dc574d4fb26dd0246d72daa1d7a453b131043aa0f8c1a8813ca2d4b577335156f99ac
  languageName: node
  linkType: hard

"seroval-plugins@npm:^1.0.3":
  version: 1.0.7
  resolution: "seroval-plugins@npm:1.0.7"
  peerDependencies:
    seroval: ^1.0
  checksum: 10c0/5d44efac320d5fee281d8f27d95abff75000f3e989684a65c3091b23a31cbf9a48045e20583ed73903a74a451900db476364cc0a20329bdc1db351e3fbe2c695
  languageName: node
  linkType: hard

"seroval@npm:^1.0.4":
  version: 1.0.7
  resolution: "seroval@npm:1.0.7"
  checksum: 10c0/4fdbf89a4d3fa999e280ad6eb3c4627c1f34122f0f8ebd0bb415767c49abc03dcae2c57e8ae0d1ef23d55003a32c63b0da35012cd3295bbddb11c348461c8d70
  languageName: node
  linkType: hard

"solid-js@npm:^1.8.15":
  version: 1.8.18
  resolution: "solid-js@npm:1.8.18"
  dependencies:
    csstype: "npm:^3.1.0"
    seroval: "npm:^1.0.4"
    seroval-plugins: "npm:^1.0.3"
  checksum: 10c0/6e31d9e09c2531446739d13cb14cbac6e9a8a09a574ed524d92c602c1ea61626b2d6d1f052a0e0d2b1b36a939be9a1aa08056e30e9b37317780e5d7ba9eaddda
  languageName: node
  linkType: hard

"sparse-bitfield@npm:^3.0.3":
  version: 3.0.3
  resolution: "sparse-bitfield@npm:3.0.3"
  dependencies:
    memory-pager: "npm:^1.0.2"
  checksum: 10c0/248c6ff7b5e354735e1daac4059222a29c9d291dfcf265daf675d13515eeaac454cfcccd687c8d134f86698b39abd7ad4d7434f7272dd6f8e41a00f21aae4194
  languageName: node
  linkType: hard

"ssf@npm:~0.11.2":
  version: 0.11.2
  resolution: "ssf@npm:0.11.2"
  dependencies:
    frac: "npm:~1.1.2"
  checksum: 10c0/c3fd24a90dc37a9dc5c4154cb4121e27507c33ebfeee3532aaf03625756b2c006cf79c0a23db0ba16c4a6e88e1349455327867e03453fc9d54b32c546bc18ca6
  languageName: node
  linkType: hard

"string_decoder@npm:~1.1.1":
  version: 1.1.1
  resolution: "string_decoder@npm:1.1.1"
  dependencies:
    safe-buffer: "npm:~5.1.0"
  checksum: 10c0/b4f89f3a92fd101b5653ca3c99550e07bdf9e13b35037e9e2a1c7b47cec4e55e06ff3fc468e314a0b5e80bfbaf65c1ca5a84978764884ae9413bec1fc6ca924e
  languageName: node
  linkType: hard

"tdigest@npm:^0.1.1":
  version: 0.1.2
  resolution: "tdigest@npm:0.1.2"
  dependencies:
    bintrees: "npm:1.0.2"
  checksum: 10c0/10187b8144b112fcdfd3a5e4e9068efa42c990b1e30cd0d4f35ee8f58f16d1b41bc587e668fa7a6f6ca31308961cbd06cd5d4a4ae1dc388335902ae04f7d57df
  languageName: node
  linkType: hard

"typescript@npm:^5.5.3":
  version: 5.5.3
  resolution: "typescript@npm:5.5.3"
  bin:
    tsc: bin/tsc
    tsserver: bin/tsserver
  checksum: 10c0/f52c71ccbc7080b034b9d3b72051d563601a4815bf3e39ded188e6ce60813f75dbedf11ad15dd4d32a12996a9ed8c7155b46c93a9b9c9bad1049766fe614bbdd
  languageName: node
  linkType: hard

"typescript@patch:typescript@npm%3A^5.5.3#optional!builtin<compat/typescript>":
  version: 5.5.3
  resolution: "typescript@patch:typescript@npm%3A5.5.3#optional!builtin<compat/typescript>::version=5.5.3&hash=379a07"
  bin:
    tsc: bin/tsc
    tsserver: bin/tsserver
  checksum: 10c0/911c7811d61f57f07df79c4a35f56a0f426a65426a020e5fcd792f66559f399017205f5f10255329ab5a3d8c2d1f1d19530aeceffda70758a521fae1d469432e
  languageName: node
  linkType: hard

"ulid@npm:^2.3.0":
  version: 2.3.0
  resolution: "ulid@npm:2.3.0"
  bin:
    ulid: ./bin/cli.js
  checksum: 10c0/070d237502781085e59cf3d8ece752ff96cd3a0990cf1c1be57273f4550597daeb72e9a7db8e5a320de31102509bb3321d280b54bfc44e98025e4628a9629773
  languageName: node
  linkType: hard

"util-deprecate@npm:~1.0.1":
  version: 1.0.2
  resolution: "util-deprecate@npm:1.0.2"
  checksum: 10c0/41a5bdd214df2f6c3ecf8622745e4a366c4adced864bc3c833739791aeeeb1838119af7daed4ba36428114b5c67dcda034a79c882e97e43c03e66a4dd7389942
  languageName: node
  linkType: hard

"wmf@npm:~1.0.1":
  version: 1.0.2
  resolution: "wmf@npm:1.0.2"
  checksum: 10c0/3fa5806f382632cadfe65d4ef24f7a583b0c0720171edb00e645af5248ad0bb6784e8fcee1ccd9f475a1a12a7523e2512e9c063731fbbdae14dc469e1c033d93
  languageName: node
  linkType: hard

"word@npm:~0.3.0":
  version: 0.3.0
  resolution: "word@npm:0.3.0"
  checksum: 10c0/c6da2a9f7a0d81a32fa6768a638d21b153da2be04f94f3964889c7cc1365d74b6ecb43b42256c3f926cd59512d8258206991c78c21000c3da96d42ff1238b840
  languageName: node
  linkType: hard

"ws@npm:^8.16.0":
  version: 8.18.0
  resolution: "ws@npm:8.18.0"
  peerDependencies:
    bufferutil: ^4.0.1
    utf-8-validate: ">=5.0.2"
  peerDependenciesMeta:
    bufferutil:
      optional: true
    utf-8-validate:
      optional: true
  checksum: 10c0/25eb33aff17edcb90721ed6b0eb250976328533ad3cd1a28a274bd263682e7296a6591ff1436d6cbc50fa67463158b062f9d1122013b361cec99a05f84680e06
  languageName: node
  linkType: hard

"xlsx@npm:^0.18.5":
  version: 0.18.5
  resolution: "xlsx@npm:0.18.5"
  dependencies:
    adler-32: "npm:~1.3.0"
    cfb: "npm:~1.2.1"
    codepage: "npm:~1.15.0"
    crc-32: "npm:~1.2.1"
    ssf: "npm:~0.11.2"
    wmf: "npm:~1.0.1"
    word: "npm:~0.3.0"
  bin:
    xlsx: bin/xlsx.njs
  checksum: 10c0/787cfa77034a3e86fdcde21572f1011c8976f87823a5e0ee5057f13b2f6e48f17a1710732a91b8ae15d7794945c7cba8a3ca904ea7150e028260b0ab8e1158c8
  languageName: node
  linkType: hard
